// !$*UTF8*$!
{
	archiveVersion = 1;
	classes = {
	};
	objectVersion = 46;
	objects = {

/* Begin PBXBuildFile section */
		15818D022639C61950D5E25B /* Pods_StockWatcherUITests.framework in Frameworks */ = {isa = PBXBuildFile; fileRef = D1787073CE41641A04532E90 /* Pods_StockWatcherUITests.framework */; };
		20E1EB99DE496E271FCF30AD /* Pods_StockWatcher.framework in Frameworks */ = {isa = PBXBuildFile; fileRef = 494DADB8591B41BE20BA856E /* Pods_StockWatcher.framework */; };
		67A912B555D90A2859539FCA /* Pods_StockWatcherTests.framework in Frameworks */ = {isa = PBXBuildFile; fileRef = 66294E925E0BA23BCA032271 /* Pods_StockWatcherTests.framework */; };
		C21C7E2C1E4AB1C60024474E /* StockTableViewCell.swift in Sources */ = {isa = PBXBuildFile; fileRef = C21C7E2B1E4AB1C60024474E /* StockTableViewCell.swift */; };
		C230B5F91E4E77FF003A6157 /* AlamofireImage.framework in Frameworks */ = {isa = PBXBuildFile; fileRef = C230B5F51E4E77FF003A6157 /* AlamofireImage.framework */; };
		C230B5FA1E4E77FF003A6157 /* AlamofireObjectMapper.framework in Frameworks */ = {isa = PBXBuildFile; fileRef = C230B5F61E4E77FF003A6157 /* AlamofireObjectMapper.framework */; };
		C230B5FB1E4E77FF003A6157 /* BigBoard.framework in Frameworks */ = {isa = PBXBuildFile; fileRef = C230B5F71E4E77FF003A6157 /* BigBoard.framework */; };
		C230B5FC1E4E77FF003A6157 /* ObjectMapper.framework in Frameworks */ = {isa = PBXBuildFile; fileRef = C230B5F81E4E77FF003A6157 /* ObjectMapper.framework */; };
		C2827B351E4E1E90006959B1 /* Alamofire.framework in Frameworks */ = {isa = PBXBuildFile; fileRef = C2827B341E4E1E90006959B1 /* Alamofire.framework */; };
		C2B1515C1E4AB78A00D682D8 /* StockTableViewController.swift in Sources */ = {isa = PBXBuildFile; fileRef = C2B1515A1E4AB78A00D682D8 /* StockTableViewController.swift */; };
		C2B1515D1E4AB78A00D682D8 /* StockTableViewController.xib in Resources */ = {isa = PBXBuildFile; fileRef = C2B1515B1E4AB78A00D682D8 /* StockTableViewController.xib */; };
		C2CFE2021E412340007C8894 /* AppDelegate.swift in Sources */ = {isa = PBXBuildFile; fileRef = C2CFE2011E412340007C8894 /* AppDelegate.swift */; };
		C2CFE2071E412340007C8894 /* Main.storyboard in Resources */ = {isa = PBXBuildFile; fileRef = C2CFE2051E412340007C8894 /* Main.storyboard */; };
		C2CFE2091E412340007C8894 /* Assets.xcassets in Resources */ = {isa = PBXBuildFile; fileRef = C2CFE2081E412340007C8894 /* Assets.xcassets */; };
		C2CFE20C1E412340007C8894 /* LaunchScreen.storyboard in Resources */ = {isa = PBXBuildFile; fileRef = C2CFE20A1E412340007C8894 /* LaunchScreen.storyboard */; };
		C2CFE2171E412340007C8894 /* StockWatcherTests.swift in Sources */ = {isa = PBXBuildFile; fileRef = C2CFE2161E412340007C8894 /* StockWatcherTests.swift */; };
		C2CFE2221E412340007C8894 /* StockWatcherUITests.swift in Sources */ = {isa = PBXBuildFile; fileRef = C2CFE2211E412340007C8894 /* StockWatcherUITests.swift */; };
		C2F5D4DE1E44F0BE009824F1 /* StocksViewController.swift in Sources */ = {isa = PBXBuildFile; fileRef = C2F5D4DD1E44F0BE009824F1 /* StocksViewController.swift */; };
		C2F5D4E01E44F4BB009824F1 /* Stock.swift in Sources */ = {isa = PBXBuildFile; fileRef = C2F5D4DF1E44F4BB009824F1 /* Stock.swift */; };
/* End PBXBuildFile section */

/* Begin PBXContainerItemProxy section */
		C2CFE2131E412340007C8894 /* PBXContainerItemProxy */ = {
			isa = PBXContainerItemProxy;
			containerPortal = C2CFE1F61E412340007C8894 /* Project object */;
			proxyType = 1;
			remoteGlobalIDString = C2CFE1FD1E412340007C8894;
			remoteInfo = StockWatcher;
		};
		C2CFE21E1E412340007C8894 /* PBXContainerItemProxy */ = {
			isa = PBXContainerItemProxy;
			containerPortal = C2CFE1F61E412340007C8894 /* Project object */;
			proxyType = 1;
			remoteGlobalIDString = C2CFE1FD1E412340007C8894;
			remoteInfo = StockWatcher;
		};
/* End PBXContainerItemProxy section */

/* Begin PBXFileReference section */
		22AC2037FBBA18D9E3A90EED /* Pods-StockWatcher.release.xcconfig */ = {isa = PBXFileReference; includeInIndex = 1; lastKnownFileType = text.xcconfig; name = "Pods-StockWatcher.release.xcconfig"; path = "Pods/Target Support Files/Pods-StockWatcher/Pods-StockWatcher.release.xcconfig"; sourceTree = "<group>"; };
		494DADB8591B41BE20BA856E /* Pods_StockWatcher.framework */ = {isa = PBXFileReference; explicitFileType = wrapper.framework; includeInIndex = 0; path = Pods_StockWatcher.framework; sourceTree = BUILT_PRODUCTS_DIR; };
		5D08655BAF7E86023A1011D0 /* Pods-StockWatcher.debug.xcconfig */ = {isa = PBXFileReference; includeInIndex = 1; lastKnownFileType = text.xcconfig; name = "Pods-StockWatcher.debug.xcconfig"; path = "Pods/Target Support Files/Pods-StockWatcher/Pods-StockWatcher.debug.xcconfig"; sourceTree = "<group>"; };
		66294E925E0BA23BCA032271 /* Pods_StockWatcherTests.framework */ = {isa = PBXFileReference; explicitFileType = wrapper.framework; includeInIndex = 0; path = Pods_StockWatcherTests.framework; sourceTree = BUILT_PRODUCTS_DIR; };
		B3AFFFC156B866AE1A68A746 /* Pods-StockWatcherUITests.debug.xcconfig */ = {isa = PBXFileReference; includeInIndex = 1; lastKnownFileType = text.xcconfig; name = "Pods-StockWatcherUITests.debug.xcconfig"; path = "Pods/Target Support Files/Pods-StockWatcherUITests/Pods-StockWatcherUITests.debug.xcconfig"; sourceTree = "<group>"; };
		C21C7E2B1E4AB1C60024474E /* StockTableViewCell.swift */ = {isa = PBXFileReference; fileEncoding = 4; lastKnownFileType = sourcecode.swift; path = StockTableViewCell.swift; sourceTree = "<group>"; };
		C230B5F51E4E77FF003A6157 /* AlamofireImage.framework */ = {isa = PBXFileReference; lastKnownFileType = wrapper.framework; name = AlamofireImage.framework; path = "../../../../Developer/Xcode/DerivedData/StockWatcher-blnhvdbtdxwhqufjwvgvvdooqjvh/Build/Products/Debug-iphonesimulator/AlamofireImage/AlamofireImage.framework"; sourceTree = "<group>"; };
		C230B5F61E4E77FF003A6157 /* AlamofireObjectMapper.framework */ = {isa = PBXFileReference; lastKnownFileType = wrapper.framework; name = AlamofireObjectMapper.framework; path = "../../../../Developer/Xcode/DerivedData/StockWatcher-blnhvdbtdxwhqufjwvgvvdooqjvh/Build/Products/Debug-iphonesimulator/AlamofireObjectMapper/AlamofireObjectMapper.framework"; sourceTree = "<group>"; };
		C230B5F71E4E77FF003A6157 /* BigBoard.framework */ = {isa = PBXFileReference; lastKnownFileType = wrapper.framework; name = BigBoard.framework; path = "../../../../Developer/Xcode/DerivedData/StockWatcher-blnhvdbtdxwhqufjwvgvvdooqjvh/Build/Products/Debug-iphonesimulator/BigBoard/BigBoard.framework"; sourceTree = "<group>"; };
		C230B5F81E4E77FF003A6157 /* ObjectMapper.framework */ = {isa = PBXFileReference; lastKnownFileType = wrapper.framework; name = ObjectMapper.framework; path = "../../../../Developer/Xcode/DerivedData/StockWatcher-blnhvdbtdxwhqufjwvgvvdooqjvh/Build/Products/Debug-iphonesimulator/ObjectMapper/ObjectMapper.framework"; sourceTree = "<group>"; };
		C2827B341E4E1E90006959B1 /* Alamofire.framework */ = {isa = PBXFileReference; lastKnownFileType = wrapper.framework; name = Alamofire.framework; path = "../../../../Developer/Xcode/DerivedData/StockWatcher-blnhvdbtdxwhqufjwvgvvdooqjvh/Build/Products/Debug-iphonesimulator/Alamofire/Alamofire.framework"; sourceTree = "<group>"; };
		C2B1515A1E4AB78A00D682D8 /* StockTableViewController.swift */ = {isa = PBXFileReference; fileEncoding = 4; lastKnownFileType = sourcecode.swift; path = StockTableViewController.swift; sourceTree = "<group>"; };
		C2B1515B1E4AB78A00D682D8 /* StockTableViewController.xib */ = {isa = PBXFileReference; fileEncoding = 4; lastKnownFileType = file.xib; path = StockTableViewController.xib; sourceTree = "<group>"; };
		C2CFE1FE1E412340007C8894 /* StockWatcher.app */ = {isa = PBXFileReference; explicitFileType = wrapper.application; includeInIndex = 0; path = StockWatcher.app; sourceTree = BUILT_PRODUCTS_DIR; };
		C2CFE2011E412340007C8894 /* AppDelegate.swift */ = {isa = PBXFileReference; lastKnownFileType = sourcecode.swift; path = AppDelegate.swift; sourceTree = "<group>"; };
		C2CFE2061E412340007C8894 /* Base */ = {isa = PBXFileReference; lastKnownFileType = file.storyboard; name = Base; path = Base.lproj/Main.storyboard; sourceTree = "<group>"; };
		C2CFE2081E412340007C8894 /* Assets.xcassets */ = {isa = PBXFileReference; lastKnownFileType = folder.assetcatalog; path = Assets.xcassets; sourceTree = "<group>"; };
		C2CFE20B1E412340007C8894 /* Base */ = {isa = PBXFileReference; lastKnownFileType = file.storyboard; name = Base; path = Base.lproj/LaunchScreen.storyboard; sourceTree = "<group>"; };
		C2CFE20D1E412340007C8894 /* Info.plist */ = {isa = PBXFileReference; lastKnownFileType = text.plist.xml; path = Info.plist; sourceTree = "<group>"; };
		C2CFE2121E412340007C8894 /* StockWatcherTests.xctest */ = {isa = PBXFileReference; explicitFileType = wrapper.cfbundle; includeInIndex = 0; path = StockWatcherTests.xctest; sourceTree = BUILT_PRODUCTS_DIR; };
		C2CFE2161E412340007C8894 /* StockWatcherTests.swift */ = {isa = PBXFileReference; lastKnownFileType = sourcecode.swift; path = StockWatcherTests.swift; sourceTree = "<group>"; };
		C2CFE2181E412340007C8894 /* Info.plist */ = {isa = PBXFileReference; lastKnownFileType = text.plist.xml; path = Info.plist; sourceTree = "<group>"; };
		C2CFE21D1E412340007C8894 /* StockWatcherUITests.xctest */ = {isa = PBXFileReference; explicitFileType = wrapper.cfbundle; includeInIndex = 0; path = StockWatcherUITests.xctest; sourceTree = BUILT_PRODUCTS_DIR; };
		C2CFE2211E412340007C8894 /* StockWatcherUITests.swift */ = {isa = PBXFileReference; lastKnownFileType = sourcecode.swift; path = StockWatcherUITests.swift; sourceTree = "<group>"; };
		C2CFE2231E412340007C8894 /* Info.plist */ = {isa = PBXFileReference; lastKnownFileType = text.plist.xml; path = Info.plist; sourceTree = "<group>"; };
		C2F5D4DD1E44F0BE009824F1 /* StocksViewController.swift */ = {isa = PBXFileReference; fileEncoding = 4; lastKnownFileType = sourcecode.swift; path = StocksViewController.swift; sourceTree = "<group>"; };
		C2F5D4DF1E44F4BB009824F1 /* Stock.swift */ = {isa = PBXFileReference; fileEncoding = 4; lastKnownFileType = sourcecode.swift; path = Stock.swift; sourceTree = "<group>"; };
		C9091168902A61BDF0E7E707 /* Pods-StockWatcherUITests.release.xcconfig */ = {isa = PBXFileReference; includeInIndex = 1; lastKnownFileType = text.xcconfig; name = "Pods-StockWatcherUITests.release.xcconfig"; path = "Pods/Target Support Files/Pods-StockWatcherUITests/Pods-StockWatcherUITests.release.xcconfig"; sourceTree = "<group>"; };
		D1787073CE41641A04532E90 /* Pods_StockWatcherUITests.framework */ = {isa = PBXFileReference; explicitFileType = wrapper.framework; includeInIndex = 0; path = Pods_StockWatcherUITests.framework; sourceTree = BUILT_PRODUCTS_DIR; };
		E4C32D14B98D1496CEF304DC /* Pods-StockWatcherTests.release.xcconfig */ = {isa = PBXFileReference; includeInIndex = 1; lastKnownFileType = text.xcconfig; name = "Pods-StockWatcherTests.release.xcconfig"; path = "Pods/Target Support Files/Pods-StockWatcherTests/Pods-StockWatcherTests.release.xcconfig"; sourceTree = "<group>"; };
		E7F588D131FA456EFF126DEE /* Pods-StockWatcherTests.debug.xcconfig */ = {isa = PBXFileReference; includeInIndex = 1; lastKnownFileType = text.xcconfig; name = "Pods-StockWatcherTests.debug.xcconfig"; path = "Pods/Target Support Files/Pods-StockWatcherTests/Pods-StockWatcherTests.debug.xcconfig"; sourceTree = "<group>"; };
/* End PBXFileReference section */

/* Begin PBXFrameworksBuildPhase section */
		C2CFE1FB1E412340007C8894 /* Frameworks */ = {
			isa = PBXFrameworksBuildPhase;
			buildActionMask = 2147483647;
			files = (
				C230B5F91E4E77FF003A6157 /* AlamofireImage.framework in Frameworks */,
				C230B5FA1E4E77FF003A6157 /* AlamofireObjectMapper.framework in Frameworks */,
				C230B5FB1E4E77FF003A6157 /* BigBoard.framework in Frameworks */,
				C230B5FC1E4E77FF003A6157 /* ObjectMapper.framework in Frameworks */,
				C2827B351E4E1E90006959B1 /* Alamofire.framework in Frameworks */,
				20E1EB99DE496E271FCF30AD /* Pods_StockWatcher.framework in Frameworks */,
			);
			runOnlyForDeploymentPostprocessing = 0;
		};
		C2CFE20F1E412340007C8894 /* Frameworks */ = {
			isa = PBXFrameworksBuildPhase;
			buildActionMask = 2147483647;
			files = (
				67A912B555D90A2859539FCA /* Pods_StockWatcherTests.framework in Frameworks */,
			);
			runOnlyForDeploymentPostprocessing = 0;
		};
		C2CFE21A1E412340007C8894 /* Frameworks */ = {
			isa = PBXFrameworksBuildPhase;
			buildActionMask = 2147483647;
			files = (
				15818D022639C61950D5E25B /* Pods_StockWatcherUITests.framework in Frameworks */,
			);
			runOnlyForDeploymentPostprocessing = 0;
		};
/* End PBXFrameworksBuildPhase section */

/* Begin PBXGroup section */
		07841F975E87419143020E59 /* Pods */ = {
			isa = PBXGroup;
			children = (
				5D08655BAF7E86023A1011D0 /* Pods-StockWatcher.debug.xcconfig */,
				22AC2037FBBA18D9E3A90EED /* Pods-StockWatcher.release.xcconfig */,
				E7F588D131FA456EFF126DEE /* Pods-StockWatcherTests.debug.xcconfig */,
				E4C32D14B98D1496CEF304DC /* Pods-StockWatcherTests.release.xcconfig */,
				B3AFFFC156B866AE1A68A746 /* Pods-StockWatcherUITests.debug.xcconfig */,
				C9091168902A61BDF0E7E707 /* Pods-StockWatcherUITests.release.xcconfig */,
			);
			name = Pods;
			sourceTree = "<group>";
		};
		C256B1C11E4E096600715D22 /* Models */ = {
			isa = PBXGroup;
			children = (
				C2F5D4DF1E44F4BB009824F1 /* Stock.swift */,
			);
			name = Models;
			sourceTree = "<group>";
		};
		C256B1C21E4E098400715D22 /* Views */ = {
			isa = PBXGroup;
			children = (
				C2CFE2051E412340007C8894 /* Main.storyboard */,
				C2CFE2081E412340007C8894 /* Assets.xcassets */,
				C2CFE20A1E412340007C8894 /* LaunchScreen.storyboard */,
				C2CFE20D1E412340007C8894 /* Info.plist */,
			);
			name = Views;
			sourceTree = "<group>";
		};
		C256B1C31E4E09DD00715D22 /* Controllers */ = {
			isa = PBXGroup;
			children = (
				C2CFE2011E412340007C8894 /* AppDelegate.swift */,
				C2F5D4DD1E44F0BE009824F1 /* StocksViewController.swift */,
				C2B1515A1E4AB78A00D682D8 /* StockTableViewController.swift */,
				C2B1515B1E4AB78A00D682D8 /* StockTableViewController.xib */,
				C21C7E2B1E4AB1C60024474E /* StockTableViewCell.swift */,
			);
			name = Controllers;
			sourceTree = "<group>";
		};
		C2CFE1F51E412340007C8894 = {
			isa = PBXGroup;
			children = (
				C2CFE2001E412340007C8894 /* StockWatcher */,
				C2CFE2151E412340007C8894 /* StockWatcherTests */,
				C2CFE2201E412340007C8894 /* StockWatcherUITests */,
				C2CFE1FF1E412340007C8894 /* Products */,
				07841F975E87419143020E59 /* Pods */,
				E61922372D6FE56FACB95DC6 /* Frameworks */,
			);
			sourceTree = "<group>";
		};
		C2CFE1FF1E412340007C8894 /* Products */ = {
			isa = PBXGroup;
			children = (
				C2CFE1FE1E412340007C8894 /* StockWatcher.app */,
				C2CFE2121E412340007C8894 /* StockWatcherTests.xctest */,
				C2CFE21D1E412340007C8894 /* StockWatcherUITests.xctest */,
			);
			name = Products;
			sourceTree = "<group>";
		};
		C2CFE2001E412340007C8894 /* StockWatcher */ = {
			isa = PBXGroup;
			children = (
				C256B1C11E4E096600715D22 /* Models */,
				C256B1C21E4E098400715D22 /* Views */,
				C256B1C31E4E09DD00715D22 /* Controllers */,
			);
			path = StockWatcher;
			sourceTree = "<group>";
		};
		C2CFE2151E412340007C8894 /* StockWatcherTests */ = {
			isa = PBXGroup;
			children = (
				C2CFE2161E412340007C8894 /* StockWatcherTests.swift */,
				C2CFE2181E412340007C8894 /* Info.plist */,
			);
			path = StockWatcherTests;
			sourceTree = "<group>";
		};
		C2CFE2201E412340007C8894 /* StockWatcherUITests */ = {
			isa = PBXGroup;
			children = (
				C2CFE2211E412340007C8894 /* StockWatcherUITests.swift */,
				C2CFE2231E412340007C8894 /* Info.plist */,
			);
			path = StockWatcherUITests;
			sourceTree = "<group>";
		};
		E61922372D6FE56FACB95DC6 /* Frameworks */ = {
			isa = PBXGroup;
			children = (
				C230B5F51E4E77FF003A6157 /* AlamofireImage.framework */,
				C230B5F61E4E77FF003A6157 /* AlamofireObjectMapper.framework */,
				C230B5F71E4E77FF003A6157 /* BigBoard.framework */,
				C230B5F81E4E77FF003A6157 /* ObjectMapper.framework */,
				C2827B341E4E1E90006959B1 /* Alamofire.framework */,
				494DADB8591B41BE20BA856E /* Pods_StockWatcher.framework */,
				66294E925E0BA23BCA032271 /* Pods_StockWatcherTests.framework */,
				D1787073CE41641A04532E90 /* Pods_StockWatcherUITests.framework */,
			);
			name = Frameworks;
			sourceTree = "<group>";
		};
/* End PBXGroup section */

/* Begin PBXNativeTarget section */
		C2CFE1FD1E412340007C8894 /* StockWatcher */ = {
			isa = PBXNativeTarget;
			buildConfigurationList = C2CFE2261E412340007C8894 /* Build configuration list for PBXNativeTarget "StockWatcher" */;
			buildPhases = (
				F79E8FA166470C294968ED54 /* [CP] Check Pods Manifest.lock */,
				C2CFE1FA1E412340007C8894 /* Sources */,
				C2CFE1FB1E412340007C8894 /* Frameworks */,
				C2CFE1FC1E412340007C8894 /* Resources */,
				3F7A714564746EA15B35AA05 /* [CP] Embed Pods Frameworks */,
				081DFBF40FF9A21739C04360 /* [CP] Copy Pods Resources */,
			);
			buildRules = (
			);
			dependencies = (
			);
			name = StockWatcher;
			productName = StockWatcher;
			productReference = C2CFE1FE1E412340007C8894 /* StockWatcher.app */;
			productType = "com.apple.product-type.application";
		};
		C2CFE2111E412340007C8894 /* StockWatcherTests */ = {
			isa = PBXNativeTarget;
			buildConfigurationList = C2CFE2291E412340007C8894 /* Build configuration list for PBXNativeTarget "StockWatcherTests" */;
			buildPhases = (
				E02A9350D3D4417D5BF19FDB /* [CP] Check Pods Manifest.lock */,
				C2CFE20E1E412340007C8894 /* Sources */,
				C2CFE20F1E412340007C8894 /* Frameworks */,
				C2CFE2101E412340007C8894 /* Resources */,
				1F9A6C4A03E017DD5F5B6587 /* [CP] Embed Pods Frameworks */,
				49313D601F864C64EE5953F2 /* [CP] Copy Pods Resources */,
			);
			buildRules = (
			);
			dependencies = (
				C2CFE2141E412340007C8894 /* PBXTargetDependency */,
			);
			name = StockWatcherTests;
			productName = StockWatcherTests;
			productReference = C2CFE2121E412340007C8894 /* StockWatcherTests.xctest */;
			productType = "com.apple.product-type.bundle.unit-test";
		};
		C2CFE21C1E412340007C8894 /* StockWatcherUITests */ = {
			isa = PBXNativeTarget;
			buildConfigurationList = C2CFE22C1E412340007C8894 /* Build configuration list for PBXNativeTarget "StockWatcherUITests" */;
			buildPhases = (
				014EB3459DD31A83CDC30070 /* [CP] Check Pods Manifest.lock */,
				C2CFE2191E412340007C8894 /* Sources */,
				C2CFE21A1E412340007C8894 /* Frameworks */,
				C2CFE21B1E412340007C8894 /* Resources */,
				2A7B00418834AA88B9253CA0 /* [CP] Embed Pods Frameworks */,
				67143B41F956DF8DB11879B4 /* [CP] Copy Pods Resources */,
			);
			buildRules = (
			);
			dependencies = (
				C2CFE21F1E412340007C8894 /* PBXTargetDependency */,
			);
			name = StockWatcherUITests;
			productName = StockWatcherUITests;
			productReference = C2CFE21D1E412340007C8894 /* StockWatcherUITests.xctest */;
			productType = "com.apple.product-type.bundle.ui-testing";
		};
/* End PBXNativeTarget section */

/* Begin PBXProject section */
		C2CFE1F61E412340007C8894 /* Project object */ = {
			isa = PBXProject;
			attributes = {
				LastSwiftUpdateCheck = 0820;
				LastUpgradeCheck = 0820;
				TargetAttributes = {
					C2CFE1FD1E412340007C8894 = {
						CreatedOnToolsVersion = 8.2.1;
						ProvisioningStyle = Automatic;
					};
					C2CFE2111E412340007C8894 = {
						CreatedOnToolsVersion = 8.2.1;
						ProvisioningStyle = Automatic;
						TestTargetID = C2CFE1FD1E412340007C8894;
					};
					C2CFE21C1E412340007C8894 = {
						CreatedOnToolsVersion = 8.2.1;
						ProvisioningStyle = Automatic;
						TestTargetID = C2CFE1FD1E412340007C8894;
					};
				};
			};
			buildConfigurationList = C2CFE1F91E412340007C8894 /* Build configuration list for PBXProject "StockWatcher" */;
			compatibilityVersion = "Xcode 3.2";
			developmentRegion = English;
			hasScannedForEncodings = 0;
			knownRegions = (
				en,
				Base,
			);
			mainGroup = C2CFE1F51E412340007C8894;
			productRefGroup = C2CFE1FF1E412340007C8894 /* Products */;
			projectDirPath = "";
			projectRoot = "";
			targets = (
				C2CFE1FD1E412340007C8894 /* StockWatcher */,
				C2CFE2111E412340007C8894 /* StockWatcherTests */,
				C2CFE21C1E412340007C8894 /* StockWatcherUITests */,
			);
		};
/* End PBXProject section */

/* Begin PBXResourcesBuildPhase section */
		C2CFE1FC1E412340007C8894 /* Resources */ = {
			isa = PBXResourcesBuildPhase;
			buildActionMask = 2147483647;
			files = (
				C2B1515D1E4AB78A00D682D8 /* StockTableViewController.xib in Resources */,
				C2CFE20C1E412340007C8894 /* LaunchScreen.storyboard in Resources */,
				C2CFE2091E412340007C8894 /* Assets.xcassets in Resources */,
				C2CFE2071E412340007C8894 /* Main.storyboard in Resources */,
			);
			runOnlyForDeploymentPostprocessing = 0;
		};
		C2CFE2101E412340007C8894 /* Resources */ = {
			isa = PBXResourcesBuildPhase;
			buildActionMask = 2147483647;
			files = (
			);
			runOnlyForDeploymentPostprocessing = 0;
		};
		C2CFE21B1E412340007C8894 /* Resources */ = {
			isa = PBXResourcesBuildPhase;
			buildActionMask = 2147483647;
			files = (
			);
			runOnlyForDeploymentPostprocessing = 0;
		};
/* End PBXResourcesBuildPhase section */

/* Begin PBXShellScriptBuildPhase section */
		014EB3459DD31A83CDC30070 /* [CP] Check Pods Manifest.lock */ = {
			isa = PBXShellScriptBuildPhase;
			buildActionMask = 2147483647;
			files = (
			);
			inputPaths = (
			);
			name = "[CP] Check Pods Manifest.lock";
			outputPaths = (
			);
			runOnlyForDeploymentPostprocessing = 0;
			shellPath = /bin/sh;
			shellScript = "diff \"${PODS_ROOT}/../Podfile.lock\" \"${PODS_ROOT}/Manifest.lock\" > /dev/null\nif [ $? != 0 ] ; then\n    # print error to STDERR\n    echo \"error: The sandbox is not in sync with the Podfile.lock. Run 'pod install' or update your CocoaPods installation.\" >&2\n    exit 1\nfi\n";
			showEnvVarsInLog = 0;
		};
		081DFBF40FF9A21739C04360 /* [CP] Copy Pods Resources */ = {
			isa = PBXShellScriptBuildPhase;
			buildActionMask = 2147483647;
			files = (
			);
			inputPaths = (
			);
			name = "[CP] Copy Pods Resources";
			outputPaths = (
			);
			runOnlyForDeploymentPostprocessing = 0;
			shellPath = /bin/sh;
			shellScript = "\"${SRCROOT}/Pods/Target Support Files/Pods-StockWatcher/Pods-StockWatcher-resources.sh\"\n";
			showEnvVarsInLog = 0;
		};
		1F9A6C4A03E017DD5F5B6587 /* [CP] Embed Pods Frameworks */ = {
			isa = PBXShellScriptBuildPhase;
			buildActionMask = 2147483647;
			files = (
			);
			inputPaths = (
			);
			name = "[CP] Embed Pods Frameworks";
			outputPaths = (
			);
			runOnlyForDeploymentPostprocessing = 0;
			shellPath = /bin/sh;
			shellScript = "\"${SRCROOT}/Pods/Target Support Files/Pods-StockWatcherTests/Pods-StockWatcherTests-frameworks.sh\"\n";
			showEnvVarsInLog = 0;
		};
		2A7B00418834AA88B9253CA0 /* [CP] Embed Pods Frameworks */ = {
			isa = PBXShellScriptBuildPhase;
			buildActionMask = 2147483647;
			files = (
			);
			inputPaths = (
			);
			name = "[CP] Embed Pods Frameworks";
			outputPaths = (
			);
			runOnlyForDeploymentPostprocessing = 0;
			shellPath = /bin/sh;
			shellScript = "\"${SRCROOT}/Pods/Target Support Files/Pods-StockWatcherUITests/Pods-StockWatcherUITests-frameworks.sh\"\n";
			showEnvVarsInLog = 0;
		};
		3F7A714564746EA15B35AA05 /* [CP] Embed Pods Frameworks */ = {
			isa = PBXShellScriptBuildPhase;
			buildActionMask = 2147483647;
			files = (
			);
			inputPaths = (
			);
			name = "[CP] Embed Pods Frameworks";
			outputPaths = (
			);
			runOnlyForDeploymentPostprocessing = 0;
			shellPath = /bin/sh;
			shellScript = "\"${SRCROOT}/Pods/Target Support Files/Pods-StockWatcher/Pods-StockWatcher-frameworks.sh\"\n";
			showEnvVarsInLog = 0;
		};
		49313D601F864C64EE5953F2 /* [CP] Copy Pods Resources */ = {
			isa = PBXShellScriptBuildPhase;
			buildActionMask = 2147483647;
			files = (
			);
			inputPaths = (
			);
			name = "[CP] Copy Pods Resources";
			outputPaths = (
			);
			runOnlyForDeploymentPostprocessing = 0;
			shellPath = /bin/sh;
			shellScript = "\"${SRCROOT}/Pods/Target Support Files/Pods-StockWatcherTests/Pods-StockWatcherTests-resources.sh\"\n";
			showEnvVarsInLog = 0;
		};
		67143B41F956DF8DB11879B4 /* [CP] Copy Pods Resources */ = {
			isa = PBXShellScriptBuildPhase;
			buildActionMask = 2147483647;
			files = (
			);
			inputPaths = (
			);
			name = "[CP] Copy Pods Resources";
			outputPaths = (
			);
			runOnlyForDeploymentPostprocessing = 0;
			shellPath = /bin/sh;
			shellScript = "\"${SRCROOT}/Pods/Target Support Files/Pods-StockWatcherUITests/Pods-StockWatcherUITests-resources.sh\"\n";
			showEnvVarsInLog = 0;
		};
		E02A9350D3D4417D5BF19FDB /* [CP] Check Pods Manifest.lock */ = {
			isa = PBXShellScriptBuildPhase;
			buildActionMask = 2147483647;
			files = (
			);
			inputPaths = (
			);
			name = "[CP] Check Pods Manifest.lock";
			outputPaths = (
			);
			runOnlyForDeploymentPostprocessing = 0;
			shellPath = /bin/sh;
			shellScript = "diff \"${PODS_ROOT}/../Podfile.lock\" \"${PODS_ROOT}/Manifest.lock\" > /dev/null\nif [ $? != 0 ] ; then\n    # print error to STDERR\n    echo \"error: The sandbox is not in sync with the Podfile.lock. Run 'pod install' or update your CocoaPods installation.\" >&2\n    exit 1\nfi\n";
			showEnvVarsInLog = 0;
		};
		F79E8FA166470C294968ED54 /* [CP] Check Pods Manifest.lock */ = {
			isa = PBXShellScriptBuildPhase;
			buildActionMask = 2147483647;
			files = (
			);
			inputPaths = (
			);
			name = "[CP] Check Pods Manifest.lock";
			outputPaths = (
			);
			runOnlyForDeploymentPostprocessing = 0;
			shellPath = /bin/sh;
			shellScript = "diff \"${PODS_ROOT}/../Podfile.lock\" \"${PODS_ROOT}/Manifest.lock\" > /dev/null\nif [ $? != 0 ] ; then\n    # print error to STDERR\n    echo \"error: The sandbox is not in sync with the Podfile.lock. Run 'pod install' or update your CocoaPods installation.\" >&2\n    exit 1\nfi\n";
			showEnvVarsInLog = 0;
		};
/* End PBXShellScriptBuildPhase section */

/* Begin PBXSourcesBuildPhase section */
		C2CFE1FA1E412340007C8894 /* Sources */ = {
			isa = PBXSourcesBuildPhase;
			buildActionMask = 2147483647;
			files = (
				C2F5D4DE1E44F0BE009824F1 /* StocksViewController.swift in Sources */,
				C2CFE2021E412340007C8894 /* AppDelegate.swift in Sources */,
				C21C7E2C1E4AB1C60024474E /* StockTableViewCell.swift in Sources */,
				C2B1515C1E4AB78A00D682D8 /* StockTableViewController.swift in Sources */,
				C2F5D4E01E44F4BB009824F1 /* Stock.swift in Sources */,
			);
			runOnlyForDeploymentPostprocessing = 0;
		};
		C2CFE20E1E412340007C8894 /* Sources */ = {
			isa = PBXSourcesBuildPhase;
			buildActionMask = 2147483647;
			files = (
				C2CFE2171E412340007C8894 /* StockWatcherTests.swift in Sources */,
			);
			runOnlyForDeploymentPostprocessing = 0;
		};
		C2CFE2191E412340007C8894 /* Sources */ = {
			isa = PBXSourcesBuildPhase;
			buildActionMask = 2147483647;
			files = (
				C2CFE2221E412340007C8894 /* StockWatcherUITests.swift in Sources */,
			);
			runOnlyForDeploymentPostprocessing = 0;
		};
/* End PBXSourcesBuildPhase section */

/* Begin PBXTargetDependency section */
		C2CFE2141E412340007C8894 /* PBXTargetDependency */ = {
			isa = PBXTargetDependency;
			target = C2CFE1FD1E412340007C8894 /* StockWatcher */;
			targetProxy = C2CFE2131E412340007C8894 /* PBXContainerItemProxy */;
		};
		C2CFE21F1E412340007C8894 /* PBXTargetDependency */ = {
			isa = PBXTargetDependency;
			target = C2CFE1FD1E412340007C8894 /* StockWatcher */;
			targetProxy = C2CFE21E1E412340007C8894 /* PBXContainerItemProxy */;
		};
/* End PBXTargetDependency section */

/* Begin PBXVariantGroup section */
		C2CFE2051E412340007C8894 /* Main.storyboard */ = {
			isa = PBXVariantGroup;
			children = (
				C2CFE2061E412340007C8894 /* Base */,
			);
			name = Main.storyboard;
			sourceTree = "<group>";
		};
		C2CFE20A1E412340007C8894 /* LaunchScreen.storyboard */ = {
			isa = PBXVariantGroup;
			children = (
				C2CFE20B1E412340007C8894 /* Base */,
			);
			name = LaunchScreen.storyboard;
			sourceTree = "<group>";
		};
/* End PBXVariantGroup section */

/* Begin XCBuildConfiguration section */
		C2CFE2241E412340007C8894 /* Debug */ = {
			isa = XCBuildConfiguration;
			buildSettings = {
				ALWAYS_SEARCH_USER_PATHS = NO;
				CLANG_ANALYZER_NONNULL = YES;
				CLANG_CXX_LANGUAGE_STANDARD = "gnu++0x";
				CLANG_CXX_LIBRARY = "libc++";
				CLANG_ENABLE_MODULES = YES;
				CLANG_ENABLE_OBJC_ARC = YES;
				CLANG_WARN_BOOL_CONVERSION = YES;
				CLANG_WARN_CONSTANT_CONVERSION = YES;
				CLANG_WARN_DIRECT_OBJC_ISA_USAGE = YES_ERROR;
				CLANG_WARN_DOCUMENTATION_COMMENTS = YES;
				CLANG_WARN_EMPTY_BODY = YES;
				CLANG_WARN_ENUM_CONVERSION = YES;
				CLANG_WARN_INFINITE_RECURSION = YES;
				CLANG_WARN_INT_CONVERSION = YES;
				CLANG_WARN_OBJC_ROOT_CLASS = YES_ERROR;
				CLANG_WARN_SUSPICIOUS_MOVE = YES;
				CLANG_WARN_UNREACHABLE_CODE = YES;
				CLANG_WARN__DUPLICATE_METHOD_MATCH = YES;
				"CODE_SIGN_IDENTITY[sdk=iphoneos*]" = "iPhone Developer";
				COPY_PHASE_STRIP = NO;
				DEBUG_INFORMATION_FORMAT = dwarf;
				ENABLE_STRICT_OBJC_MSGSEND = YES;
				ENABLE_TESTABILITY = YES;
				GCC_C_LANGUAGE_STANDARD = gnu99;
				GCC_DYNAMIC_NO_PIC = NO;
				GCC_NO_COMMON_BLOCKS = YES;
				GCC_OPTIMIZATION_LEVEL = 0;
				GCC_PREPROCESSOR_DEFINITIONS = (
					"DEBUG=1",
					"$(inherited)",
				);
				GCC_WARN_64_TO_32_BIT_CONVERSION = YES;
				GCC_WARN_ABOUT_RETURN_TYPE = YES_ERROR;
				GCC_WARN_UNDECLARED_SELECTOR = YES;
				GCC_WARN_UNINITIALIZED_AUTOS = YES_AGGRESSIVE;
				GCC_WARN_UNUSED_FUNCTION = YES;
				GCC_WARN_UNUSED_VARIABLE = YES;
				IPHONEOS_DEPLOYMENT_TARGET = 10.2;
				MTL_ENABLE_DEBUG_INFO = YES;
				ONLY_ACTIVE_ARCH = YES;
				SDKROOT = iphoneos;
				SWIFT_ACTIVE_COMPILATION_CONDITIONS = DEBUG;
				SWIFT_OPTIMIZATION_LEVEL = "-Onone";
				TARGETED_DEVICE_FAMILY = "1,2";
			};
			name = Debug;
		};
		C2CFE2251E412340007C8894 /* Release */ = {
			isa = XCBuildConfiguration;
			buildSettings = {
				ALWAYS_SEARCH_USER_PATHS = NO;
				CLANG_ANALYZER_NONNULL = YES;
				CLANG_CXX_LANGUAGE_STANDARD = "gnu++0x";
				CLANG_CXX_LIBRARY = "libc++";
				CLANG_ENABLE_MODULES = YES;
				CLANG_ENABLE_OBJC_ARC = YES;
				CLANG_WARN_BOOL_CONVERSION = YES;
				CLANG_WARN_CONSTANT_CONVERSION = YES;
				CLANG_WARN_DIRECT_OBJC_ISA_USAGE = YES_ERROR;
				CLANG_WARN_DOCUMENTATION_COMMENTS = YES;
				CLANG_WARN_EMPTY_BODY = YES;
				CLANG_WARN_ENUM_CONVERSION = YES;
				CLANG_WARN_INFINITE_RECURSION = YES;
				CLANG_WARN_INT_CONVERSION = YES;
				CLANG_WARN_OBJC_ROOT_CLASS = YES_ERROR;
				CLANG_WARN_SUSPICIOUS_MOVE = YES;
				CLANG_WARN_UNREACHABLE_CODE = YES;
				CLANG_WARN__DUPLICATE_METHOD_MATCH = YES;
				"CODE_SIGN_IDENTITY[sdk=iphoneos*]" = "iPhone Developer";
				COPY_PHASE_STRIP = NO;
				DEBUG_INFORMATION_FORMAT = "dwarf-with-dsym";
				ENABLE_NS_ASSERTIONS = NO;
				ENABLE_STRICT_OBJC_MSGSEND = YES;
				GCC_C_LANGUAGE_STANDARD = gnu99;
				GCC_NO_COMMON_BLOCKS = YES;
				GCC_WARN_64_TO_32_BIT_CONVERSION = YES;
				GCC_WARN_ABOUT_RETURN_TYPE = YES_ERROR;
				GCC_WARN_UNDECLARED_SELECTOR = YES;
				GCC_WARN_UNINITIALIZED_AUTOS = YES_AGGRESSIVE;
				GCC_WARN_UNUSED_FUNCTION = YES;
				GCC_WARN_UNUSED_VARIABLE = YES;
				IPHONEOS_DEPLOYMENT_TARGET = 10.2;
				MTL_ENABLE_DEBUG_INFO = NO;
				SDKROOT = iphoneos;
				SWIFT_OPTIMIZATION_LEVEL = "-Owholemodule";
				TARGETED_DEVICE_FAMILY = "1,2";
				VALIDATE_PRODUCT = YES;
			};
			name = Release;
		};
		C2CFE2271E412340007C8894 /* Debug */ = {
			isa = XCBuildConfiguration;
			baseConfigurationReference = 5D08655BAF7E86023A1011D0 /* Pods-StockWatcher.debug.xcconfig */;
			buildSettings = {
				ASSETCATALOG_COMPILER_APPICON_NAME = AppIcon;
				INFOPLIST_FILE = StockWatcher/Info.plist;
				LD_RUNPATH_SEARCH_PATHS = "$(inherited) @executable_path/Frameworks";
				PRODUCT_BUNDLE_IDENTIFIER = com.philipclapper.StockWatcher;
				PRODUCT_NAME = "$(TARGET_NAME)";
				SWIFT_VERSION = 3.0;
			};
			name = Debug;
		};
		C2CFE2281E412340007C8894 /* Release */ = {
			isa = XCBuildConfiguration;
			baseConfigurationReference = 22AC2037FBBA18D9E3A90EED /* Pods-StockWatcher.release.xcconfig */;
			buildSettings = {
				ASSETCATALOG_COMPILER_APPICON_NAME = AppIcon;
				INFOPLIST_FILE = StockWatcher/Info.plist;
				LD_RUNPATH_SEARCH_PATHS = "$(inherited) @executable_path/Frameworks";
				PRODUCT_BUNDLE_IDENTIFIER = com.philipclapper.StockWatcher;
				PRODUCT_NAME = "$(TARGET_NAME)";
				SWIFT_VERSION = 3.0;
			};
			name = Release;
		};
		C2CFE22A1E412340007C8894 /* Debug */ = {
			isa = XCBuildConfiguration;
			baseConfigurationReference = E7F588D131FA456EFF126DEE /* Pods-StockWatcherTests.debug.xcconfig */;
			buildSettings = {
				ALWAYS_EMBED_SWIFT_STANDARD_LIBRARIES = YES;
				BUNDLE_LOADER = "$(TEST_HOST)";
				INFOPLIST_FILE = StockWatcherTests/Info.plist;
				LD_RUNPATH_SEARCH_PATHS = "$(inherited) @executable_path/Frameworks @loader_path/Frameworks";
				PRODUCT_BUNDLE_IDENTIFIER = com.philipclapper.StockWatcherTests;
				PRODUCT_NAME = "$(TARGET_NAME)";
				SWIFT_VERSION = 3.0;
				TEST_HOST = "$(BUILT_PRODUCTS_DIR)/StockWatcher.app/StockWatcher";
			};
			name = Debug;
		};
		C2CFE22B1E412340007C8894 /* Release */ = {
			isa = XCBuildConfiguration;
			baseConfigurationReference = E4C32D14B98D1496CEF304DC /* Pods-StockWatcherTests.release.xcconfig */;
			buildSettings = {
				ALWAYS_EMBED_SWIFT_STANDARD_LIBRARIES = YES;
				BUNDLE_LOADER = "$(TEST_HOST)";
				INFOPLIST_FILE = StockWatcherTests/Info.plist;
				LD_RUNPATH_SEARCH_PATHS = "$(inherited) @executable_path/Frameworks @loader_path/Frameworks";
				PRODUCT_BUNDLE_IDENTIFIER = com.philipclapper.StockWatcherTests;
				PRODUCT_NAME = "$(TARGET_NAME)";
				SWIFT_VERSION = 3.0;
				TEST_HOST = "$(BUILT_PRODUCTS_DIR)/StockWatcher.app/StockWatcher";
			};
			name = Release;
		};
		C2CFE22D1E412340007C8894 /* Debug */ = {
			isa = XCBuildConfiguration;
			baseConfigurationReference = B3AFFFC156B866AE1A68A746 /* Pods-StockWatcherUITests.debug.xcconfig */;
			buildSettings = {
				ALWAYS_EMBED_SWIFT_STANDARD_LIBRARIES = YES;
				INFOPLIST_FILE = StockWatcherUITests/Info.plist;
				LD_RUNPATH_SEARCH_PATHS = "$(inherited) @executable_path/Frameworks @loader_path/Frameworks";
				PRODUCT_BUNDLE_IDENTIFIER = com.philipclapper.StockWatcherUITests;
				PRODUCT_NAME = "$(TARGET_NAME)";
				SWIFT_VERSION = 3.0;
				TEST_TARGET_NAME = StockWatcher;
			};
			name = Debug;
		};
		C2CFE22E1E412340007C8894 /* Release */ = {
			isa = XCBuildConfiguration;
			baseConfigurationReference = C9091168902A61BDF0E7E707 /* Pods-StockWatcherUITests.release.xcconfig */;
			buildSettings = {
				ALWAYS_EMBED_SWIFT_STANDARD_LIBRARIES = YES;
				INFOPLIST_FILE = StockWatcherUITests/Info.plist;
				LD_RUNPATH_SEARCH_PATHS = "$(inherited) @executable_path/Frameworks @loader_path/Frameworks";
				PRODUCT_BUNDLE_IDENTIFIER = com.philipclapper.StockWatcherUITests;
				PRODUCT_NAME = "$(TARGET_NAME)";
				SWIFT_VERSION = 3.0;
				TEST_TARGET_NAME = StockWatcher;
			};
			name = Release;
		};
/* End XCBuildConfiguration section */

/* Begin XCConfigurationList section */
		C2CFE1F91E412340007C8894 /* Build configuration list for PBXProject "StockWatcher" */ = {
			isa = XCConfigurationList;
			buildConfigurations = (
				C2CFE2241E412340007C8894 /* Debug */,
				C2CFE2251E412340007C8894 /* Release */,
			);
			defaultConfigurationIsVisible = 0;
			defaultConfigurationName = Release;
		};
		C2CFE2261E412340007C8894 /* Build configuration list for PBXNativeTarget "StockWatcher" */ = {
			isa = XCConfigurationList;
			buildConfigurations = (
				C2CFE2271E412340007C8894 /* Debug */,
				C2CFE2281E412340007C8894 /* Release */,
			);
			defaultConfigurationIsVisible = 0;
			defaultConfigurationName = Release;
		};
		C2CFE2291E412340007C8894 /* Build configuration list for PBXNativeTarget "StockWatcherTests" */ = {
			isa = XCConfigurationList;
			buildConfigurations = (
				C2CFE22A1E412340007C8894 /* Debug */,
				C2CFE22B1E412340007C8894 /* Release */,
			);
			defaultConfigurationIsVisible = 0;
			defaultConfigurationName = Release;
		};
		C2CFE22C1E412340007C8894 /* Build configuration list for PBXNativeTarget "StockWatcherUITests" */ = {
			isa = XCConfigurationList;
			buildConfigurations = (
				C2CFE22D1E412340007C8894 /* Debug */,
				C2CFE22E1E412340007C8894 /* Release */,
			);
			defaultConfigurationIsVisible = 0;
			defaultConfigurationName = Release;
		};
/* End XCConfigurationList section */
	};
	rootObject = C2CFE1F61E412340007C8894 /* Project object */;
}
